# THIS IS AN AUTOGENERATED FILE. DO NOT EDIT THIS FILE DIRECTLY.
# yarn lockfile v1


"@babel/polyfill@^7.0.0":
  version "7.0.0"
  resolved "https://nexus.au.ecg.so/repository/npm/@babel/polyfill/-/polyfill-7.0.0.tgz#c8ff65c9ec3be6a1ba10113ebd40e8750fb90bff"
  dependencies:
    core-js "^2.5.7"
    regenerator-runtime "^0.11.1"

"@octokit/endpoint@^3.0.0":
  version "3.1.1"
  resolved "https://nexus.au.ecg.so/repository/npm/@octokit/endpoint/-/endpoint-3.1.1.tgz#ede9afefaa4d6b7584169e12346425c6fbb45cc3"
  dependencies:
    deepmerge "3.0.0"
    is-plain-object "^2.0.4"
    universal-user-agent "^2.0.1"
    url-template "^2.0.8"

"@octokit/request@2.2.0":
  version "2.2.0"
  resolved "https://nexus.au.ecg.so/repository/npm/@octokit/request/-/request-2.2.0.tgz#f4b2d1ad7c4c8a0b148193610c912046961f8be5"
  dependencies:
    "@octokit/endpoint" "^3.0.0"
    is-plain-object "^2.0.4"
    node-fetch "^2.3.0"
    universal-user-agent "^2.0.1"

"@octokit/rest@^15.12.1":
  version "15.18.1"
  resolved "https://nexus.au.ecg.so/repository/npm/@octokit/rest/-/rest-15.18.1.tgz#ec7fb0f8775ef64dc095fae6635411d3fbff9b62"
  dependencies:
    before-after-hook "^1.1.0"
    btoa-lite "^1.0.0"
    debug "^3.1.0"
    http-proxy-agent "^2.1.0"
    https-proxy-agent "^2.2.0"
    lodash "^4.17.4"
    node-fetch "^2.1.1"
    universal-user-agent "^2.0.0"
    url-template "^2.0.8"

"@octokit/rest@^16.1.0":
  version "16.3.0"
  resolved "https://nexus.au.ecg.so/repository/npm/@octokit/rest/-/rest-16.3.0.tgz#98a24a3334312a87fff8a2a54c1dca4d0900d54d"
  dependencies:
    "@octokit/request" "2.2.0"
    before-after-hook "^1.2.0"
    btoa-lite "^1.0.0"
    lodash.get "^4.4.2"
    lodash.pick "^4.4.0"
    lodash.set "^4.3.2"
    lodash.uniq "^4.5.0"
    octokit-pagination-methods "^1.1.0"
    universal-user-agent "^2.0.0"
    url-template "^2.0.8"

"@octokit/webhooks@^5.0.2":
  version "5.1.2"
  resolved "https://nexus.au.ecg.so/repository/npm/@octokit/webhooks/-/webhooks-5.1.2.tgz#353bb12898a1035fd35af18237a90fc9cbe4ac55"
  dependencies:
    buffer-equal-constant-time "^1.0.1"
    debug "^4.0.0"

"@types/body-parser@*":
  version "1.17.0"
  resolved "https://nexus.au.ecg.so/repository/npm/@types/body-parser/-/body-parser-1.17.0.tgz#9f5c9d9bd04bb54be32d5eb9fc0d8c974e6cf58c"
  dependencies:
    "@types/connect" "*"
    "@types/node" "*"

"@types/connect@*":
  version "3.4.32"
  resolved "https://nexus.au.ecg.so/repository/npm/@types/connect/-/connect-3.4.32.tgz#aa0e9616b9435ccad02bc52b5b454ffc2c70ba28"
  dependencies:
    "@types/node" "*"

"@types/events@*":
  version "1.2.0"
  resolved "https://nexus.au.ecg.so/repository/npm/@types/events/-/events-1.2.0.tgz#81a6731ce4df43619e5c8c945383b3e62a89ea86"

"@types/express-serve-static-core@*":
  version "4.16.0"
  resolved "https://nexus.au.ecg.so/repository/npm/@types/express-serve-static-core/-/express-serve-static-core-4.16.0.tgz#fdfe777594ddc1fe8eb8eccce52e261b496e43e7"
  dependencies:
    "@types/events" "*"
    "@types/node" "*"
    "@types/range-parser" "*"

"@types/express@^4.11.1":
  version "4.16.0"
  resolved "https://nexus.au.ecg.so/repository/npm/@types/express/-/express-4.16.0.tgz#6d8bc42ccaa6f35cf29a2b7c3333cb47b5a32a19"
  dependencies:
    "@types/body-parser" "*"
    "@types/express-serve-static-core" "*"
    "@types/serve-static" "*"

"@types/lodash@^4.14.119":
  version "4.14.119"
  resolved "https://nexus.au.ecg.so/repository/npm/@types/lodash/-/lodash-4.14.119.tgz#be847e5f4bc3e35e46d041c394ead8b603ad8b39"

"@types/mime@*":
  version "2.0.0"
  resolved "https://nexus.au.ecg.so/repository/npm/@types/mime/-/mime-2.0.0.tgz#5a7306e367c539b9f6543499de8dd519fac37a8b"

"@types/node@*", "@types/node@^10.12.12":
  version "10.12.18"
  resolved "https://nexus.au.ecg.so/repository/npm/@types/node/-/node-10.12.18.tgz#1d3ca764718915584fcd9f6344621b7672665c67"

"@types/range-parser@*":
  version "1.2.3"
  resolved "https://nexus.au.ecg.so/repository/npm/@types/range-parser/-/range-parser-1.2.3.tgz#7ee330ba7caafb98090bece86a5ee44115904c2c"

"@types/serve-static@*":
  version "1.13.2"
  resolved "https://nexus.au.ecg.so/repository/npm/@types/serve-static/-/serve-static-1.13.2.tgz#f5ac4d7a6420a99a6a45af4719f4dcd8cd907a48"
  dependencies:
    "@types/express-serve-static-core" "*"
    "@types/mime" "*"

accepts@~1.3.5:
  version "1.3.5"
  resolved "https://nexus.au.ecg.so/repository/npm/accepts/-/accepts-1.3.5.tgz#eb777df6011723a3b14e8a72c0805c8e86746bd2"
  dependencies:
    mime-types "~2.1.18"
    negotiator "0.6.1"

agent-base@4, agent-base@^4.1.0:
  version "4.2.1"
  resolved "https://nexus.au.ecg.so/repository/npm/agent-base/-/agent-base-4.2.1.tgz#d89e5999f797875674c07d87f260fc41e83e8ca9"
  dependencies:
    es6-promisify "^5.0.0"

ansi-regex@^2.0.0:
  version "2.1.1"
  resolved "https://nexus.au.ecg.so/repository/npm/ansi-regex/-/ansi-regex-2.1.1.tgz#c3b33ab5ee360d86e0e628f0468ae7ef27d654df"

ansi-regex@^3.0.0:
  version "3.0.0"
  resolved "https://nexus.au.ecg.so/repository/npm/ansi-regex/-/ansi-regex-3.0.0.tgz#ed0317c322064f79466c02966bddb605ab37d998"

ansi-styles@^3.2.1:
  version "3.2.1"
  resolved "https://nexus.au.ecg.so/repository/npm/ansi-styles/-/ansi-styles-3.2.1.tgz#41fbb20243e50b12be0f04b8dedbf07520ce841d"
  dependencies:
    color-convert "^1.9.0"

array-flatten@1.1.1:
  version "1.1.1"
  resolved "https://nexus.au.ecg.so/repository/npm/array-flatten/-/array-flatten-1.1.1.tgz#9a5f699051b1e7073328f2a008968b64ea2955d2"

asynckit@^0.4.0:
  version "0.4.0"
  resolved "https://nexus.au.ecg.so/repository/npm/asynckit/-/asynckit-0.4.0.tgz#c79ed97f7f34cb8f2ba1bc9790bcc366474b4b79"

basic-auth@~2.0.0:
  version "2.0.1"
  resolved "https://nexus.au.ecg.so/repository/npm/basic-auth/-/basic-auth-2.0.1.tgz#b998279bf47ce38344b4f3cf916d4679bbf51e3a"
  dependencies:
    safe-buffer "5.1.2"

before-after-hook@^1.1.0, before-after-hook@^1.2.0:
  version "1.2.0"
  resolved "https://nexus.au.ecg.so/repository/npm/before-after-hook/-/before-after-hook-1.2.0.tgz#1079c10312cd4d4ad0d1676d37951ef8bfc3a563"

body-parser@1.18.3:
  version "1.18.3"
  resolved "https://nexus.au.ecg.so/repository/npm/body-parser/-/body-parser-1.18.3.tgz#5b292198ffdd553b3a0f20ded0592b956955c8b4"
  dependencies:
    bytes "3.0.0"
    content-type "~1.0.4"
    debug "2.6.9"
    depd "~1.1.2"
    http-errors "~1.6.3"
    iconv-lite "0.4.23"
    on-finished "~2.3.0"
    qs "6.5.2"
    raw-body "2.3.3"
    type-is "~1.6.16"

btoa-lite@^1.0.0:
  version "1.0.0"
  resolved "https://nexus.au.ecg.so/repository/npm/btoa-lite/-/btoa-lite-1.0.0.tgz#337766da15801210fdd956c22e9c6891ab9d0337"

buffer-equal-constant-time@1.0.1, buffer-equal-constant-time@^1.0.1:
  version "1.0.1"
  resolved "https://nexus.au.ecg.so/repository/npm/buffer-equal-constant-time/-/buffer-equal-constant-time-1.0.1.tgz#f8e71132f7ffe6e01a5c9697a4c6f3e48d5cc819"

bytes@3.0.0:
  version "3.0.0"
  resolved "https://nexus.au.ecg.so/repository/npm/bytes/-/bytes-3.0.0.tgz#d32815404d689699f85a4ea4fa8755dd13a96048"

camelcase@^4.1.0:
  version "4.1.0"
  resolved "https://nexus.au.ecg.so/repository/npm/camelcase/-/camelcase-4.1.0.tgz#d545635be1e33c542649c69173e5de6acfae34dd"

chalk@^2.3.0:
  version "2.4.1"
  resolved "https://nexus.au.ecg.so/repository/npm/chalk/-/chalk-2.4.1.tgz#18c49ab16a037b6eb0152cc83e3471338215b66e"
  dependencies:
    ansi-styles "^3.2.1"
    escape-string-regexp "^1.0.5"
    supports-color "^5.3.0"

cliui@^4.0.0:
  version "4.1.0"
  resolved "https://nexus.au.ecg.so/repository/npm/cliui/-/cliui-4.1.0.tgz#348422dbe82d800b3022eef4f6ac10bf2e4d1b49"
  dependencies:
    string-width "^2.1.1"
    strip-ansi "^4.0.0"
    wrap-ansi "^2.0.0"

code-point-at@^1.0.0:
  version "1.1.0"
  resolved "https://nexus.au.ecg.so/repository/npm/code-point-at/-/code-point-at-1.1.0.tgz#0d070b4d043a5bea33a2f1a40e2edb3d9a4ccf77"

color-convert@^1.9.0:
  version "1.9.3"
  resolved "https://nexus.au.ecg.so/repository/npm/color-convert/-/color-convert-1.9.3.tgz#bb71850690e1f136567de629d2d5471deda4c1e8"
  dependencies:
    color-name "1.1.3"

color-name@1.1.3:
  version "1.1.3"
  resolved "https://nexus.au.ecg.so/repository/npm/color-name/-/color-name-1.1.3.tgz#a7d0558bd89c42f795dd42328f740831ca53bc25"

combined-stream@^1.0.6:
  version "1.0.7"
  resolved "https://nexus.au.ecg.so/repository/npm/combined-stream/-/combined-stream-1.0.7.tgz#2d1d24317afb8abe95d6d2c0b07b57813539d828"
  dependencies:
    delayed-stream "~1.0.0"

commander@^2.12.2, commander@^2.18.0, commander@^2.9.0:
  version "2.19.0"
  resolved "https://nexus.au.ecg.so/repository/npm/commander/-/commander-2.19.0.tgz#f6198aa84e5b83c46054b94ddedbfed5ee9ff12a"

component-emitter@^1.2.0:
  version "1.2.1"
  resolved "https://nexus.au.ecg.so/repository/npm/component-emitter/-/component-emitter-1.2.1.tgz#137918d6d78283f7df7a6b7c5a63e140e69425e6"

content-disposition@0.5.2:
  version "0.5.2"
  resolved "https://nexus.au.ecg.so/repository/npm/content-disposition/-/content-disposition-0.5.2.tgz#0cf68bb9ddf5f2be7961c3a85178cb85dba78cb4"

content-type@~1.0.4:
  version "1.0.4"
  resolved "https://nexus.au.ecg.so/repository/npm/content-type/-/content-type-1.0.4.tgz#e138cc75e040c727b1966fe5e5f8c9aee256fe3b"

cookie-signature@1.0.6:
  version "1.0.6"
  resolved "https://nexus.au.ecg.so/repository/npm/cookie-signature/-/cookie-signature-1.0.6.tgz#e303a882b342cc3ee8ca513a79999734dab3ae2c"

cookie@0.3.1:
  version "0.3.1"
  resolved "https://nexus.au.ecg.so/repository/npm/cookie/-/cookie-0.3.1.tgz#e7e0a1f9ef43b4c8ba925c5c5a96e806d16873bb"

cookiejar@^2.1.0:
  version "2.1.2"
  resolved "https://nexus.au.ecg.so/repository/npm/cookiejar/-/cookiejar-2.1.2.tgz#dd8a235530752f988f9a0844f3fc589e3111125c"

core-js@^2.5.7:
  version "2.6.1"
  resolved "https://nexus.au.ecg.so/repository/npm/core-js/-/core-js-2.6.1.tgz#87416ae817de957a3f249b3b5ca475d4aaed6042"

core-util-is@~1.0.0:
  version "1.0.2"
  resolved "https://nexus.au.ecg.so/repository/npm/core-util-is/-/core-util-is-1.0.2.tgz#b5fd54220aa2bc5ab57aab7140c940754503c1a7"

cross-spawn@^5.0.1:
  version "5.1.0"
  resolved "https://nexus.au.ecg.so/repository/npm/cross-spawn/-/cross-spawn-5.1.0.tgz#e8bd0efee58fcff6f8f94510a0a554bbfa235449"
  dependencies:
    lru-cache "^4.0.1"
    shebang-command "^1.2.0"
    which "^1.2.9"

cross-spawn@^6.0.0:
  version "6.0.5"
  resolved "https://nexus.au.ecg.so/repository/npm/cross-spawn/-/cross-spawn-6.0.5.tgz#4a5ec7c64dfae22c3a14124dbacdee846d80cbc4"
  dependencies:
    nice-try "^1.0.4"
    path-key "^2.0.1"
    semver "^5.5.0"
    shebang-command "^1.2.0"
    which "^1.2.9"

danger@^6.0.2:
  version "6.1.12"
  resolved "https://nexus.au.ecg.so/repository/npm/danger/-/danger-6.1.12.tgz#ab61d88eaecbaa531ade451e9da97c643b1bc1b3"
  dependencies:
    "@babel/polyfill" "^7.0.0"
    "@octokit/rest" "^15.12.1"
    chalk "^2.3.0"
    commander "^2.18.0"
    debug "^4.0.1"
    get-stdin "^6.0.0"
    https-proxy-agent "^2.2.1"
    hyperlinker "^1.0.0"
    jsome "^2.3.25"
    json5 "^2.1.0"
    jsonpointer "^4.0.1"
    jsonwebtoken "^8.2.1"
    lodash.find "^4.6.0"
    lodash.includes "^4.3.0"
    lodash.isobject "^3.0.2"
    lodash.keys "^4.0.8"
    memfs-or-file-map-to-github-branch "^1.1.0"
    node-cleanup "^2.1.2"
    node-fetch "^2.2.0"
    override-require "^1.1.1"
    p-limit "^2.0.0"
    parse-diff "^0.5.1"
    parse-git-config "^2.0.3"
    parse-github-url "^1.0.2"
    parse-link-header "^1.0.1"
    pinpoint "^1.1.0"
    readline-sync "^1.4.9"
    require-from-string "^2.0.2"
    rfc6902 "^3.0.1"
    supports-hyperlinks "^1.0.1"
    vm2 "^3.6.3"
    voca "^1.4.0"

debug@2.6.9:
  version "2.6.9"
  resolved "https://nexus.au.ecg.so/repository/npm/debug/-/debug-2.6.9.tgz#5d128515df134ff327e90a4c93f4e077a536341f"
  dependencies:
    ms "2.0.0"

debug@3.1.0:
  version "3.1.0"
  resolved "https://nexus.au.ecg.so/repository/npm/debug/-/debug-3.1.0.tgz#5bb5a0672628b64149566ba16819e61518c67261"
  dependencies:
    ms "2.0.0"

debug@^3.1.0:
  version "3.2.6"
  resolved "https://nexus.au.ecg.so/repository/npm/debug/-/debug-3.2.6.tgz#e83d17de16d8a7efb7717edbe5fb10135eee629b"
  dependencies:
    ms "^2.1.1"

debug@^4.0.0, debug@^4.0.1:
  version "4.1.1"
  resolved "https://nexus.au.ecg.so/repository/npm/debug/-/debug-4.1.1.tgz#3b72260255109c6b589cee050f1d516139664791"
  dependencies:
    ms "^2.1.1"

decamelize@^1.1.1:
  version "1.2.0"
  resolved "https://nexus.au.ecg.so/repository/npm/decamelize/-/decamelize-1.2.0.tgz#f6534d15148269b20352e7bee26f501f9a191290"

deepmerge@3.0.0:
  version "3.0.0"
  resolved "https://nexus.au.ecg.so/repository/npm/deepmerge/-/deepmerge-3.0.0.tgz#ca7903b34bfa1f8c2eab6779280775a411bfc6ba"

delayed-stream@~1.0.0:
  version "1.0.0"
  resolved "https://nexus.au.ecg.so/repository/npm/delayed-stream/-/delayed-stream-1.0.0.tgz#df3ae199acadfb7d440aaae0b29e2272b24ec619"

depd@~1.1.2:
  version "1.1.2"
  resolved "https://nexus.au.ecg.so/repository/npm/depd/-/depd-1.1.2.tgz#9bcd52e14c097763e749b274c4346ed2e560b5a9"

destroy@~1.0.4:
  version "1.0.4"
  resolved "https://nexus.au.ecg.so/repository/npm/destroy/-/destroy-1.0.4.tgz#978857442c44749e4206613e37946205826abd80"

dotenv@^6.0.0:
  version "6.2.0"
  resolved "https://nexus.au.ecg.so/repository/npm/dotenv/-/dotenv-6.2.0.tgz#941c0410535d942c8becf28d3f357dbd9d476064"

ecdsa-sig-formatter@1.0.10:
  version "1.0.10"
  resolved "https://nexus.au.ecg.so/repository/npm/ecdsa-sig-formatter/-/ecdsa-sig-formatter-1.0.10.tgz#1c595000f04a8897dfb85000892a0f4c33af86c3"
  dependencies:
    safe-buffer "^5.0.1"

ee-first@1.1.1:
  version "1.1.1"
  resolved "https://nexus.au.ecg.so/repository/npm/ee-first/-/ee-first-1.1.1.tgz#590c61156b0ae2f4f0255732a158b266bc56b21d"

encodeurl@~1.0.2:
  version "1.0.2"
  resolved "https://nexus.au.ecg.so/repository/npm/encodeurl/-/encodeurl-1.0.2.tgz#ad3ff4c86ec2d029322f5a02c3a9a606c95b3f59"

es6-promise@^4.0.3:
  version "4.2.5"
  resolved "https://nexus.au.ecg.so/repository/npm/es6-promise/-/es6-promise-4.2.5.tgz#da6d0d5692efb461e082c14817fe2427d8f5d054"

es6-promisify@^5.0.0:
  version "5.0.0"
  resolved "https://nexus.au.ecg.so/repository/npm/es6-promisify/-/es6-promisify-5.0.0.tgz#5109d62f3e56ea967c4b63505aef08291c8a5203"
  dependencies:
    es6-promise "^4.0.3"

escape-html@~1.0.3:
  version "1.0.3"
  resolved "https://nexus.au.ecg.so/repository/npm/escape-html/-/escape-html-1.0.3.tgz#0258eae4d3d0c0974de1c169188ef0051d1d1988"

escape-string-regexp@^1.0.5:
  version "1.0.5"
  resolved "https://nexus.au.ecg.so/repository/npm/escape-string-regexp/-/escape-string-regexp-1.0.5.tgz#1b61c0562190a8dff6ae3bb2cf0200ca130b86d4"

etag@~1.8.1:
  version "1.8.1"
  resolved "https://nexus.au.ecg.so/repository/npm/etag/-/etag-1.8.1.tgz#41ae2eeb65efa62268aebfea83ac7d79299b0887"

eventsource@^1.0.5:
  version "1.0.7"
  resolved "https://nexus.au.ecg.so/repository/npm/eventsource/-/eventsource-1.0.7.tgz#8fbc72c93fcd34088090bc0a4e64f4b5cee6d8d0"
  dependencies:
    original "^1.0.0"

execa@^0.10.0:
  version "0.10.0"
  resolved "https://nexus.au.ecg.so/repository/npm/execa/-/execa-0.10.0.tgz#ff456a8f53f90f8eccc71a96d11bdfc7f082cb50"
  dependencies:
    cross-spawn "^6.0.0"
    get-stream "^3.0.0"
    is-stream "^1.1.0"
    npm-run-path "^2.0.0"
    p-finally "^1.0.0"
    signal-exit "^3.0.0"
    strip-eof "^1.0.0"

execa@^0.7.0:
  version "0.7.0"
  resolved "https://nexus.au.ecg.so/repository/npm/execa/-/execa-0.7.0.tgz#944becd34cc41ee32a63a9faf27ad5a65fc59777"
  dependencies:
    cross-spawn "^5.0.1"
    get-stream "^3.0.0"
    is-stream "^1.1.0"
    npm-run-path "^2.0.0"
    p-finally "^1.0.0"
    signal-exit "^3.0.0"
    strip-eof "^1.0.0"

expand-tilde@^2.0.2:
  version "2.0.2"
  resolved "https://nexus.au.ecg.so/repository/npm/expand-tilde/-/expand-tilde-2.0.2.tgz#97e801aa052df02454de46b02bf621642cdc8502"
  dependencies:
    homedir-polyfill "^1.0.1"

express@^4.16.3:
  version "4.16.4"
  resolved "https://nexus.au.ecg.so/repository/npm/express/-/express-4.16.4.tgz#fddef61926109e24c515ea97fd2f1bdbf62df12e"
  dependencies:
    accepts "~1.3.5"
    array-flatten "1.1.1"
    body-parser "1.18.3"
    content-disposition "0.5.2"
    content-type "~1.0.4"
    cookie "0.3.1"
    cookie-signature "1.0.6"
    debug "2.6.9"
    depd "~1.1.2"
    encodeurl "~1.0.2"
    escape-html "~1.0.3"
    etag "~1.8.1"
    finalhandler "1.1.1"
    fresh "0.5.2"
    merge-descriptors "1.0.1"
    methods "~1.1.2"
    on-finished "~2.3.0"
    parseurl "~1.3.2"
    path-to-regexp "0.1.7"
    proxy-addr "~2.0.4"
    qs "6.5.2"
    range-parser "~1.2.0"
    safe-buffer "5.1.2"
    send "0.16.2"
    serve-static "1.13.2"
    setprototypeof "1.1.0"
    statuses "~1.4.0"
    type-is "~1.6.16"
    utils-merge "1.0.1"
    vary "~1.1.2"

extend-shallow@^2.0.1:
  version "2.0.1"
  resolved "https://nexus.au.ecg.so/repository/npm/extend-shallow/-/extend-shallow-2.0.1.tgz#51af7d614ad9a9f610ea1bafbb989d6b1c56890f"
  dependencies:
    is-extendable "^0.1.0"

extend@^3.0.0:
  version "3.0.2"
  resolved "https://nexus.au.ecg.so/repository/npm/extend/-/extend-3.0.2.tgz#f8b1136b4071fbd8eb140aff858b1019ec2915fa"

finalhandler@1.1.1:
  version "1.1.1"
  resolved "https://nexus.au.ecg.so/repository/npm/finalhandler/-/finalhandler-1.1.1.tgz#eebf4ed840079c83f4249038c9d703008301b105"
  dependencies:
    debug "2.6.9"
    encodeurl "~1.0.2"
    escape-html "~1.0.3"
    on-finished "~2.3.0"
    parseurl "~1.3.2"
    statuses "~1.4.0"
    unpipe "~1.0.0"

find-up@^2.1.0:
  version "2.1.0"
  resolved "https://nexus.au.ecg.so/repository/npm/find-up/-/find-up-2.1.0.tgz#45d1b7e506c717ddd482775a2b77920a3c0c57a7"
  dependencies:
    locate-path "^2.0.0"

form-data@^2.3.1:
  version "2.3.3"
  resolved "https://nexus.au.ecg.so/repository/npm/form-data/-/form-data-2.3.3.tgz#dcce52c05f644f298c6a7ab936bd724ceffbf3a6"
  dependencies:
    asynckit "^0.4.0"
    combined-stream "^1.0.6"
    mime-types "^2.1.12"

formidable@^1.2.0:
  version "1.2.1"
  resolved "https://nexus.au.ecg.so/repository/npm/formidable/-/formidable-1.2.1.tgz#70fb7ca0290ee6ff961090415f4b3df3d2082659"

forwarded@~0.1.2:
  version "0.1.2"
  resolved "https://nexus.au.ecg.so/repository/npm/forwarded/-/forwarded-0.1.2.tgz#98c23dab1175657b8c0573e8ceccd91b0ff18c84"

fresh@0.5.2:
  version "0.5.2"
  resolved "https://nexus.au.ecg.so/repository/npm/fresh/-/fresh-0.5.2.tgz#3d8cadd90d976569fa835ab1f8e4b23a105605a7"

fs-exists-sync@^0.1.0:
  version "0.1.0"
  resolved "https://nexus.au.ecg.so/repository/npm/fs-exists-sync/-/fs-exists-sync-0.1.0.tgz#982d6893af918e72d08dec9e8673ff2b5a8d6add"

get-caller-file@^1.0.1:
  version "1.0.3"
  resolved "https://nexus.au.ecg.so/repository/npm/get-caller-file/-/get-caller-file-1.0.3.tgz#f978fa4c90d1dfe7ff2d6beda2a515e713bdcf4a"

get-stdin@^6.0.0:
  version "6.0.0"
  resolved "https://nexus.au.ecg.so/repository/npm/get-stdin/-/get-stdin-6.0.0.tgz#9e09bf712b360ab9225e812048f71fde9c89657b"

get-stream@^3.0.0:
  version "3.0.0"
  resolved "https://nexus.au.ecg.so/repository/npm/get-stream/-/get-stream-3.0.0.tgz#8e943d1358dc37555054ecbe2edb05aa174ede14"

git-config-path@^1.0.1:
  version "1.0.1"
  resolved "https://nexus.au.ecg.so/repository/npm/git-config-path/-/git-config-path-1.0.1.tgz#6d33f7ed63db0d0e118131503bab3aca47d54664"
  dependencies:
    extend-shallow "^2.0.1"
    fs-exists-sync "^0.1.0"
    homedir-polyfill "^1.0.0"

has-flag@^2.0.0:
  version "2.0.0"
  resolved "https://nexus.au.ecg.so/repository/npm/has-flag/-/has-flag-2.0.0.tgz#e8207af1cc7b30d446cc70b734b5e8be18f88d51"

has-flag@^3.0.0:
  version "3.0.0"
  resolved "https://nexus.au.ecg.so/repository/npm/has-flag/-/has-flag-3.0.0.tgz#b5d454dc2199ae225699f3467e5a07f3b955bafd"

homedir-polyfill@^1.0.0, homedir-polyfill@^1.0.1:
  version "1.0.1"
  resolved "https://nexus.au.ecg.so/repository/npm/homedir-polyfill/-/homedir-polyfill-1.0.1.tgz#4c2bbc8a758998feebf5ed68580f76d46768b4bc"
  dependencies:
    parse-passwd "^1.0.0"

http-errors@1.6.3, http-errors@~1.6.2, http-errors@~1.6.3:
  version "1.6.3"
  resolved "https://nexus.au.ecg.so/repository/npm/http-errors/-/http-errors-1.6.3.tgz#8b55680bb4be283a0b5bf4ea2e38580be1d9320d"
  dependencies:
    depd "~1.1.2"
    inherits "2.0.3"
    setprototypeof "1.1.0"
    statuses ">= 1.4.0 < 2"

http-proxy-agent@^2.1.0:
  version "2.1.0"
  resolved "https://nexus.au.ecg.so/repository/npm/http-proxy-agent/-/http-proxy-agent-2.1.0.tgz#e4821beef5b2142a2026bd73926fe537631c5405"
  dependencies:
    agent-base "4"
    debug "3.1.0"

https-proxy-agent@^2.2.0, https-proxy-agent@^2.2.1:
  version "2.2.1"
  resolved "https://nexus.au.ecg.so/repository/npm/https-proxy-agent/-/https-proxy-agent-2.2.1.tgz#51552970fa04d723e04c56d04178c3f92592bbc0"
  dependencies:
    agent-base "^4.1.0"
    debug "^3.1.0"

hyperlinker@^1.0.0:
  version "1.0.0"
  resolved "https://nexus.au.ecg.so/repository/npm/hyperlinker/-/hyperlinker-1.0.0.tgz#23dc9e38a206b208ee49bc2d6c8ef47027df0c0e"

iconv-lite@0.4.23:
  version "0.4.23"
  resolved "https://nexus.au.ecg.so/repository/npm/iconv-lite/-/iconv-lite-0.4.23.tgz#297871f63be507adcfbfca715d0cd0eed84e9a63"
  dependencies:
    safer-buffer ">= 2.1.2 < 3"

inherits@2.0.3, inherits@~2.0.3:
  version "2.0.3"
  resolved "https://nexus.au.ecg.so/repository/npm/inherits/-/inherits-2.0.3.tgz#633c2c83e3da42a502f52466022480f4208261de"

ini@^1.3.5:
  version "1.3.5"
  resolved "https://nexus.au.ecg.so/repository/npm/ini/-/ini-1.3.5.tgz#eee25f56db1c9ec6085e0c22778083f596abf927"

invert-kv@^1.0.0:
  version "1.0.0"
  resolved "https://nexus.au.ecg.so/repository/npm/invert-kv/-/invert-kv-1.0.0.tgz#104a8e4aaca6d3d8cd157a8ef8bfab2d7a3ffdb6"

ipaddr.js@1.8.0:
  version "1.8.0"
  resolved "https://nexus.au.ecg.so/repository/npm/ipaddr.js/-/ipaddr.js-1.8.0.tgz#eaa33d6ddd7ace8f7f6fe0c9ca0440e706738b1e"

is-extendable@^0.1.0:
  version "0.1.1"
  resolved "https://nexus.au.ecg.so/repository/npm/is-extendable/-/is-extendable-0.1.1.tgz#62b110e289a471418e3ec36a617d472e301dfc89"

is-fullwidth-code-point@^1.0.0:
  version "1.0.0"
  resolved "https://nexus.au.ecg.so/repository/npm/is-fullwidth-code-point/-/is-fullwidth-code-point-1.0.0.tgz#ef9e31386f031a7f0d643af82fde50c457ef00cb"
  dependencies:
    number-is-nan "^1.0.0"

is-fullwidth-code-point@^2.0.0:
  version "2.0.0"
  resolved "https://nexus.au.ecg.so/repository/npm/is-fullwidth-code-point/-/is-fullwidth-code-point-2.0.0.tgz#a3b30a5c4f199183167aaab93beefae3ddfb654f"

is-plain-object@^2.0.4:
  version "2.0.4"
  resolved "https://nexus.au.ecg.so/repository/npm/is-plain-object/-/is-plain-object-2.0.4.tgz#2c163b3fafb1b606d9d17928f05c2a1c38e07677"
  dependencies:
    isobject "^3.0.1"

is-stream@^1.1.0:
  version "1.1.0"
  resolved "https://nexus.au.ecg.so/repository/npm/is-stream/-/is-stream-1.1.0.tgz#12d4a3dd4e68e0b79ceb8dbc84173ae80d91ca44"

isarray@~1.0.0:
  version "1.0.0"
  resolved "https://nexus.au.ecg.so/repository/npm/isarray/-/isarray-1.0.0.tgz#bb935d48582cba168c06834957a54a3e07124f11"

isexe@^2.0.0:
  version "2.0.0"
  resolved "https://nexus.au.ecg.so/repository/npm/isexe/-/isexe-2.0.0.tgz#e8fbf374dc556ff8947a10dcb0572d633f2cfa10"

isobject@^3.0.1:
  version "3.0.1"
  resolved "https://nexus.au.ecg.so/repository/npm/isobject/-/isobject-3.0.1.tgz#4e431e92b11a9731636aa1f9c8d1ccbcfdab78df"

jsome@^2.3.25:
  version "2.5.0"
  resolved "https://nexus.au.ecg.so/repository/npm/jsome/-/jsome-2.5.0.tgz#5e417eef4341ffeb83ee8bfa9265b36d56fe49ed"
  dependencies:
    chalk "^2.3.0"
    json-stringify-safe "^5.0.1"
    yargs "^11.0.0"

json-stringify-safe@^5.0.1:
  version "5.0.1"
  resolved "https://nexus.au.ecg.so/repository/npm/json-stringify-safe/-/json-stringify-safe-5.0.1.tgz#1296a2d58fd45f19a0f6ce01d65701e2c735b6eb"

json5@^2.1.0:
  version "2.1.0"
  resolved "https://nexus.au.ecg.so/repository/npm/json5/-/json5-2.1.0.tgz#e7a0c62c48285c628d20a10b85c89bb807c32850"
  dependencies:
    minimist "^1.2.0"

jsonpointer@^4.0.1:
  version "4.0.1"
  resolved "https://nexus.au.ecg.so/repository/npm/jsonpointer/-/jsonpointer-4.0.1.tgz#4fd92cb34e0e9db3c89c8622ecf51f9b978c6cb9"

jsonwebtoken@^8.2.1:
  version "8.4.0"
  resolved "https://nexus.au.ecg.so/repository/npm/jsonwebtoken/-/jsonwebtoken-8.4.0.tgz#8757f7b4cb7440d86d5e2f3becefa70536c8e46a"
  dependencies:
    jws "^3.1.5"
    lodash.includes "^4.3.0"
    lodash.isboolean "^3.0.3"
    lodash.isinteger "^4.0.4"
    lodash.isnumber "^3.0.3"
    lodash.isplainobject "^4.0.6"
    lodash.isstring "^4.0.1"
    lodash.once "^4.0.0"
    ms "^2.1.1"

jwa@^1.1.5:
  version "1.1.6"
  resolved "https://nexus.au.ecg.so/repository/npm/jwa/-/jwa-1.1.6.tgz#87240e76c9808dbde18783cf2264ef4929ee50e6"
  dependencies:
    buffer-equal-constant-time "1.0.1"
    ecdsa-sig-formatter "1.0.10"
    safe-buffer "^5.0.1"

jws@^3.1.5:
  version "3.1.5"
  resolved "https://nexus.au.ecg.so/repository/npm/jws/-/jws-3.1.5.tgz#80d12d05b293d1e841e7cb8b4e69e561adcf834f"
  dependencies:
    jwa "^1.1.5"
    safe-buffer "^5.0.1"

lcid@^1.0.0:
  version "1.0.0"
  resolved "https://nexus.au.ecg.so/repository/npm/lcid/-/lcid-1.0.0.tgz#308accafa0bc483a3867b4b6f2b9506251d1b835"
  dependencies:
    invert-kv "^1.0.0"

locate-path@^2.0.0:
  version "2.0.0"
  resolved "https://nexus.au.ecg.so/repository/npm/locate-path/-/locate-path-2.0.0.tgz#2b568b265eec944c6d9c0de9c3dbbbca0354cd8e"
  dependencies:
    p-locate "^2.0.0"
    path-exists "^3.0.0"

lodash.find@^4.6.0:
  version "4.6.0"
  resolved "https://nexus.au.ecg.so/repository/npm/lodash.find/-/lodash.find-4.6.0.tgz#cb0704d47ab71789ffa0de8b97dd926fb88b13b1"

lodash.get@^4.4.2:
  version "4.4.2"
  resolved "https://nexus.au.ecg.so/repository/npm/lodash.get/-/lodash.get-4.4.2.tgz#2d177f652fa31e939b4438d5341499dfa3825e99"

lodash.includes@^4.3.0:
  version "4.3.0"
  resolved "https://nexus.au.ecg.so/repository/npm/lodash.includes/-/lodash.includes-4.3.0.tgz#60bb98a87cb923c68ca1e51325483314849f553f"

lodash.isboolean@^3.0.3:
  version "3.0.3"
  resolved "https://nexus.au.ecg.so/repository/npm/lodash.isboolean/-/lodash.isboolean-3.0.3.tgz#6c2e171db2a257cd96802fd43b01b20d5f5870f6"

lodash.isinteger@^4.0.4:
  version "4.0.4"
  resolved "https://nexus.au.ecg.so/repository/npm/lodash.isinteger/-/lodash.isinteger-4.0.4.tgz#619c0af3d03f8b04c31f5882840b77b11cd68343"

lodash.isnumber@^3.0.3:
  version "3.0.3"
  resolved "https://nexus.au.ecg.so/repository/npm/lodash.isnumber/-/lodash.isnumber-3.0.3.tgz#3ce76810c5928d03352301ac287317f11c0b1ffc"

lodash.isobject@^3.0.2:
  version "3.0.2"
  resolved "https://nexus.au.ecg.so/repository/npm/lodash.isobject/-/lodash.isobject-3.0.2.tgz#3c8fb8d5b5bf4bf90ae06e14f2a530a4ed935e1d"

lodash.isplainobject@^4.0.6:
  version "4.0.6"
  resolved "https://nexus.au.ecg.so/repository/npm/lodash.isplainobject/-/lodash.isplainobject-4.0.6.tgz#7c526a52d89b45c45cc690b88163be0497f550cb"

lodash.isstring@^4.0.1:
  version "4.0.1"
  resolved "https://nexus.au.ecg.so/repository/npm/lodash.isstring/-/lodash.isstring-4.0.1.tgz#d527dfb5456eca7cc9bb95d5daeaf88ba54a5451"

lodash.keys@^4.0.8:
  version "4.2.0"
  resolved "https://nexus.au.ecg.so/repository/npm/lodash.keys/-/lodash.keys-4.2.0.tgz#a08602ac12e4fb83f91fc1fb7a360a4d9ba35205"

lodash.once@^4.0.0:
  version "4.1.1"
  resolved "https://nexus.au.ecg.so/repository/npm/lodash.once/-/lodash.once-4.1.1.tgz#0dd3971213c7c56df880977d504c88fb471a97ac"

lodash.pick@^4.4.0:
  version "4.4.0"
  resolved "https://nexus.au.ecg.so/repository/npm/lodash.pick/-/lodash.pick-4.4.0.tgz#52f05610fff9ded422611441ed1fc123a03001b3"

lodash.set@^4.3.2:
  version "4.3.2"
  resolved "https://nexus.au.ecg.so/repository/npm/lodash.set/-/lodash.set-4.3.2.tgz#d8757b1da807dde24816b0d6a84bea1a76230b23"

lodash.uniq@^4.5.0:
  version "4.5.0"
  resolved "https://nexus.au.ecg.so/repository/npm/lodash.uniq/-/lodash.uniq-4.5.0.tgz#d0225373aeb652adc1bc82e4945339a842754773"

lodash@^4.17.11, lodash@^4.17.4:
  version "4.17.11"
  resolved "https://nexus.au.ecg.so/repository/npm/lodash/-/lodash-4.17.11.tgz#b39ea6229ef607ecd89e2c8df12536891cac9b8d"

lru-cache@^4.0.1:
  version "4.1.5"
  resolved "https://nexus.au.ecg.so/repository/npm/lru-cache/-/lru-cache-4.1.5.tgz#8bbe50ea85bed59bc9e33dcab8235ee9bcf443cd"
  dependencies:
    pseudomap "^1.0.2"
    yallist "^2.1.2"

macos-release@^2.0.0:
  version "2.0.0"
  resolved "https://nexus.au.ecg.so/repository/npm/macos-release/-/macos-release-2.0.0.tgz#7dddf4caf79001a851eb4fba7fb6034f251276ab"

media-typer@0.3.0:
  version "0.3.0"
  resolved "https://nexus.au.ecg.so/repository/npm/media-typer/-/media-typer-0.3.0.tgz#8710d7af0aa626f8fffa1ce00168545263255748"

mem@^1.1.0:
  version "1.1.0"
  resolved "https://nexus.au.ecg.so/repository/npm/mem/-/mem-1.1.0.tgz#5edd52b485ca1d900fe64895505399a0dfa45f76"
  dependencies:
    mimic-fn "^1.0.0"

memfs-or-file-map-to-github-branch@^1.1.0:
  version "1.1.2"
  resolved "https://nexus.au.ecg.so/repository/npm/memfs-or-file-map-to-github-branch/-/memfs-or-file-map-to-github-branch-1.1.2.tgz#9d46c02481b7eca8e5ee8a94f170b7e0138cad67"

merge-descriptors@1.0.1:
  version "1.0.1"
  resolved "https://nexus.au.ecg.so/repository/npm/merge-descriptors/-/merge-descriptors-1.0.1.tgz#b00aaa556dd8b44568150ec9d1b953f3f90cbb61"

methods@^1.1.1, methods@~1.1.2:
  version "1.1.2"
  resolved "https://nexus.au.ecg.so/repository/npm/methods/-/methods-1.1.2.tgz#5529a4d67654134edcc5266656835b0f851afcee"

mime-db@~1.37.0:
  version "1.37.0"
  resolved "https://nexus.au.ecg.so/repository/npm/mime-db/-/mime-db-1.37.0.tgz#0b6a0ce6fdbe9576e25f1f2d2fde8830dc0ad0d8"

mime-types@^2.1.12, mime-types@~2.1.18:
  version "2.1.21"
  resolved "https://nexus.au.ecg.so/repository/npm/mime-types/-/mime-types-2.1.21.tgz#28995aa1ecb770742fe6ae7e58f9181c744b3f96"
  dependencies:
    mime-db "~1.37.0"

mime@1.4.1:
  version "1.4.1"
  resolved "https://nexus.au.ecg.so/repository/npm/mime/-/mime-1.4.1.tgz#121f9ebc49e3766f311a76e1fa1c8003c4b03aa6"

mime@^1.4.1:
  version "1.6.0"
  resolved "https://nexus.au.ecg.so/repository/npm/mime/-/mime-1.6.0.tgz#32cd9e5c64553bd58d19a568af452acff04981b1"

mimic-fn@^1.0.0:
  version "1.2.0"
  resolved "https://nexus.au.ecg.so/repository/npm/mimic-fn/-/mimic-fn-1.2.0.tgz#820c86a39334640e99516928bd03fca88057d022"

minimist@^1.2.0:
  version "1.2.0"
  resolved "https://nexus.au.ecg.so/repository/npm/minimist/-/minimist-1.2.0.tgz#a35008b20f41383eec1fb914f4cd5df79a264284"

morgan@^1.9.0:
  version "1.9.1"
  resolved "https://nexus.au.ecg.so/repository/npm/morgan/-/morgan-1.9.1.tgz#0a8d16734a1d9afbc824b99df87e738e58e2da59"
  dependencies:
    basic-auth "~2.0.0"
    debug "2.6.9"
    depd "~1.1.2"
    on-finished "~2.3.0"
    on-headers "~1.0.1"

ms@2.0.0:
  version "2.0.0"
  resolved "https://nexus.au.ecg.so/repository/npm/ms/-/ms-2.0.0.tgz#5608aeadfc00be6c2901df5f9861788de0d597c8"

ms@^2.1.1:
  version "2.1.1"
  resolved "https://nexus.au.ecg.so/repository/npm/ms/-/ms-2.1.1.tgz#30a5864eb3ebb0a66f2ebe6d727af06a09d86e0a"

negotiator@0.6.1:
  version "0.6.1"
  resolved "https://nexus.au.ecg.so/repository/npm/negotiator/-/negotiator-0.6.1.tgz#2b327184e8992101177b28563fb5e7102acd0ca9"

nice-try@^1.0.4:
  version "1.0.5"
  resolved "https://nexus.au.ecg.so/repository/npm/nice-try/-/nice-try-1.0.5.tgz#a3378a7696ce7d223e88fc9b764bd7ef1089e366"

node-cleanup@^2.1.2:
  version "2.1.2"
  resolved "https://nexus.au.ecg.so/repository/npm/node-cleanup/-/node-cleanup-2.1.2.tgz#7ac19abd297e09a7f72a71545d951b517e4dde2c"

node-fetch@^2.1.1, node-fetch@^2.2.0, node-fetch@^2.3.0:
  version "2.3.0"
  resolved "https://nexus.au.ecg.so/repository/npm/node-fetch/-/node-fetch-2.3.0.tgz#1a1d940bbfb916a1d3e0219f037e89e71f8c5fa5"

npm-path@^2.0.2, npm-path@^2.0.4:
  version "2.0.4"
  resolved "https://nexus.au.ecg.so/repository/npm/npm-path/-/npm-path-2.0.4.tgz#c641347a5ff9d6a09e4d9bce5580c4f505278e64"
  dependencies:
    which "^1.2.10"

npm-run-path@^2.0.0:
  version "2.0.2"
  resolved "https://nexus.au.ecg.so/repository/npm/npm-run-path/-/npm-run-path-2.0.2.tgz#35a9232dfa35d7067b4cb2ddf2357b1871536c5f"
  dependencies:
    path-key "^2.0.0"

npm-run@^5.0.1:
  version "5.0.1"
  resolved "https://nexus.au.ecg.so/repository/npm/npm-run/-/npm-run-5.0.1.tgz#1baea93389b50ae25a32382c8ca322398e50cd16"
  dependencies:
    minimist "^1.2.0"
    npm-path "^2.0.4"
    npm-which "^3.0.1"
    serializerr "^1.0.3"

npm-which@^3.0.1:
  version "3.0.1"
  resolved "https://nexus.au.ecg.so/repository/npm/npm-which/-/npm-which-3.0.1.tgz#9225f26ec3a285c209cae67c3b11a6b4ab7140aa"
  dependencies:
    commander "^2.9.0"
    npm-path "^2.0.2"
    which "^1.2.10"

number-is-nan@^1.0.0:
  version "1.0.1"
  resolved "https://nexus.au.ecg.so/repository/npm/number-is-nan/-/number-is-nan-1.0.1.tgz#097b602b53422a522c1afb8790318336941a011d"

octokit-pagination-methods@^1.1.0:
  version "1.1.0"
  resolved "https://nexus.au.ecg.so/repository/npm/octokit-pagination-methods/-/octokit-pagination-methods-1.1.0.tgz#cf472edc9d551055f9ef73f6e42b4dbb4c80bea4"

on-finished@~2.3.0:
  version "2.3.0"
  resolved "https://nexus.au.ecg.so/repository/npm/on-finished/-/on-finished-2.3.0.tgz#20f1336481b083cd75337992a16971aa2d906947"
  dependencies:
    ee-first "1.1.1"

on-headers@~1.0.1:
  version "1.0.1"
  resolved "https://nexus.au.ecg.so/repository/npm/on-headers/-/on-headers-1.0.1.tgz#928f5d0f470d49342651ea6794b0857c100693f7"

original@^1.0.0:
  version "1.0.2"
  resolved "https://nexus.au.ecg.so/repository/npm/original/-/original-1.0.2.tgz#e442a61cffe1c5fd20a65f3261c26663b303f25f"
  dependencies:
    url-parse "^1.4.3"

os-locale@^2.0.0:
  version "2.1.0"
  resolved "https://nexus.au.ecg.so/repository/npm/os-locale/-/os-locale-2.1.0.tgz#42bc2900a6b5b8bd17376c8e882b65afccf24bf2"
  dependencies:
    execa "^0.7.0"
    lcid "^1.0.0"
    mem "^1.1.0"

os-name@^3.0.0:
  version "3.0.0"
  resolved "https://nexus.au.ecg.so/repository/npm/os-name/-/os-name-3.0.0.tgz#e1434dbfddb8e74b44c98b56797d951b7648a5d9"
  dependencies:
    macos-release "^2.0.0"
    windows-release "^3.1.0"

override-require@^1.1.1:
  version "1.1.1"
  resolved "https://nexus.au.ecg.so/repository/npm/override-require/-/override-require-1.1.1.tgz#6ae22fadeb1f850ffb0cf4c20ff7b87e5eb650df"

p-finally@^1.0.0:
  version "1.0.0"
  resolved "https://nexus.au.ecg.so/repository/npm/p-finally/-/p-finally-1.0.0.tgz#3fbcfb15b899a44123b34b6dcc18b724336a2cae"

p-limit@^1.1.0:
  version "1.3.0"
  resolved "https://nexus.au.ecg.so/repository/npm/p-limit/-/p-limit-1.3.0.tgz#b86bd5f0c25690911c7590fcbfc2010d54b3ccb8"
  dependencies:
    p-try "^1.0.0"

p-limit@^2.0.0:
  version "2.1.0"
  resolved "https://nexus.au.ecg.so/repository/npm/p-limit/-/p-limit-2.1.0.tgz#1d5a0d20fb12707c758a655f6bbc4386b5930d68"
  dependencies:
    p-try "^2.0.0"

p-locate@^2.0.0:
  version "2.0.0"
  resolved "https://nexus.au.ecg.so/repository/npm/p-locate/-/p-locate-2.0.0.tgz#20a0103b222a70c8fd39cc2e580680f3dde5ec43"
  dependencies:
    p-limit "^1.1.0"

p-try@^1.0.0:
  version "1.0.0"
  resolved "https://nexus.au.ecg.so/repository/npm/p-try/-/p-try-1.0.0.tgz#cbc79cdbaf8fd4228e13f621f2b1a237c1b207b3"

p-try@^2.0.0:
  version "2.0.0"
  resolved "https://nexus.au.ecg.so/repository/npm/p-try/-/p-try-2.0.0.tgz#85080bb87c64688fa47996fe8f7dfbe8211760b1"

parse-diff@^0.5.1:
  version "0.5.1"
  resolved "https://nexus.au.ecg.so/repository/npm/parse-diff/-/parse-diff-0.5.1.tgz#18b3e82a0765ac1c8796e3854e475073a691c4fb"

parse-git-config@^2.0.3:
  version "2.0.3"
  resolved "https://nexus.au.ecg.so/repository/npm/parse-git-config/-/parse-git-config-2.0.3.tgz#6fb840d4a956e28b971c97b33a5deb73a6d5b6bb"
  dependencies:
    expand-tilde "^2.0.2"
    git-config-path "^1.0.1"
    ini "^1.3.5"

parse-github-url@^1.0.2:
  version "1.0.2"
  resolved "https://nexus.au.ecg.so/repository/npm/parse-github-url/-/parse-github-url-1.0.2.tgz#242d3b65cbcdda14bb50439e3242acf6971db395"

parse-link-header@^1.0.1:
  version "1.0.1"
  resolved "https://nexus.au.ecg.so/repository/npm/parse-link-header/-/parse-link-header-1.0.1.tgz#bedfe0d2118aeb84be75e7b025419ec8a61140a7"
  dependencies:
    xtend "~4.0.1"

parse-passwd@^1.0.0:
  version "1.0.0"
  resolved "https://nexus.au.ecg.so/repository/npm/parse-passwd/-/parse-passwd-1.0.0.tgz#6d5b934a456993b23d37f40a382d6f1666a8e5c6"

parseurl@~1.3.2:
  version "1.3.2"
  resolved "https://nexus.au.ecg.so/repository/npm/parseurl/-/parseurl-1.3.2.tgz#fc289d4ed8993119460c156253262cdc8de65bf3"

path-exists@^3.0.0:
  version "3.0.0"
  resolved "https://nexus.au.ecg.so/repository/npm/path-exists/-/path-exists-3.0.0.tgz#ce0ebeaa5f78cb18925ea7d810d7b59b010fd515"

path-key@^2.0.0, path-key@^2.0.1:
  version "2.0.1"
  resolved "https://nexus.au.ecg.so/repository/npm/path-key/-/path-key-2.0.1.tgz#411cadb574c5a140d3a4b1910d40d80cc9f40b40"

path-to-regexp@0.1.7:
  version "0.1.7"
  resolved "https://nexus.au.ecg.so/repository/npm/path-to-regexp/-/path-to-regexp-0.1.7.tgz#df604178005f522f15eb4490e7247a1bfaa67f8c"

pinpoint@^1.1.0:
  version "1.1.0"
  resolved "https://nexus.au.ecg.so/repository/npm/pinpoint/-/pinpoint-1.1.0.tgz#0cf7757a6977f1bf7f6a32207b709e377388e874"

prettier@^1.14.2:
  version "1.15.3"
  resolved "https://nexus.au.ecg.so/repository/npm/prettier/-/prettier-1.15.3.tgz#1feaac5bdd181237b54dbe65d874e02a1472786a"

process-nextick-args@~2.0.0:
  version "2.0.0"
  resolved "https://nexus.au.ecg.so/repository/npm/process-nextick-args/-/process-nextick-args-2.0.0.tgz#a37d732f4271b4ab1ad070d35508e8290788ffaa"

protochain@^1.0.5:
  version "1.0.5"
  resolved "https://nexus.au.ecg.so/repository/npm/protochain/-/protochain-1.0.5.tgz#991c407e99de264aadf8f81504b5e7faf7bfa260"

proxy-addr@~2.0.4:
  version "2.0.4"
  resolved "https://nexus.au.ecg.so/repository/npm/proxy-addr/-/proxy-addr-2.0.4.tgz#ecfc733bf22ff8c6f407fa275327b9ab67e48b93"
  dependencies:
    forwarded "~0.1.2"
    ipaddr.js "1.8.0"

pseudomap@^1.0.2:
  version "1.0.2"
  resolved "https://nexus.au.ecg.so/repository/npm/pseudomap/-/pseudomap-1.0.2.tgz#f052a28da70e618917ef0a8ac34c1ae5a68286b3"

qs@6.5.2:
  version "6.5.2"
  resolved "https://nexus.au.ecg.so/repository/npm/qs/-/qs-6.5.2.tgz#cb3ae806e8740444584ef154ce8ee98d403f3e36"

qs@^6.5.1:
  version "6.6.0"
  resolved "https://nexus.au.ecg.so/repository/npm/qs/-/qs-6.6.0.tgz#a99c0f69a8d26bf7ef012f871cdabb0aee4424c2"

querystringify@^2.0.0:
  version "2.1.0"
  resolved "https://nexus.au.ecg.so/repository/npm/querystringify/-/querystringify-2.1.0.tgz#7ded8dfbf7879dcc60d0a644ac6754b283ad17ef"

range-parser@~1.2.0:
  version "1.2.0"
  resolved "https://nexus.au.ecg.so/repository/npm/range-parser/-/range-parser-1.2.0.tgz#f49be6b487894ddc40dcc94a322f611092e00d5e"

raw-body@2.3.3:
  version "2.3.3"
  resolved "https://nexus.au.ecg.so/repository/npm/raw-body/-/raw-body-2.3.3.tgz#1b324ece6b5706e153855bc1148c65bb7f6ea0c3"
  dependencies:
    bytes "3.0.0"
    http-errors "1.6.3"
    iconv-lite "0.4.23"
    unpipe "1.0.0"

readable-stream@^2.3.5:
  version "2.3.6"
  resolved "https://nexus.au.ecg.so/repository/npm/readable-stream/-/readable-stream-2.3.6.tgz#b11c27d88b8ff1fbe070643cf94b0c79ae1b0aaf"
  dependencies:
    core-util-is "~1.0.0"
    inherits "~2.0.3"
    isarray "~1.0.0"
    process-nextick-args "~2.0.0"
    safe-buffer "~5.1.1"
    string_decoder "~1.1.1"
    util-deprecate "~1.0.1"

readline-sync@^1.4.9:
  version "1.4.9"
  resolved "https://nexus.au.ecg.so/repository/npm/readline-sync/-/readline-sync-1.4.9.tgz#3eda8e65f23cd2a17e61301b1f0003396af5ecda"

regenerator-runtime@^0.11.1:
  version "0.11.1"
  resolved "https://nexus.au.ecg.so/repository/npm/regenerator-runtime/-/regenerator-runtime-0.11.1.tgz#be05ad7f9bf7d22e056f9726cee5017fbf19e2e9"

require-directory@^2.1.1:
  version "2.1.1"
  resolved "https://nexus.au.ecg.so/repository/npm/require-directory/-/require-directory-2.1.1.tgz#8c64ad5fd30dab1c976e2344ffe7f792a6a6df42"

require-from-string@^2.0.2:
  version "2.0.2"
  resolved "https://nexus.au.ecg.so/repository/npm/require-from-string/-/require-from-string-2.0.2.tgz#89a7fdd938261267318eafe14f9c32e598c36909"

require-main-filename@^1.0.1:
  version "1.0.1"
  resolved "https://nexus.au.ecg.so/repository/npm/require-main-filename/-/require-main-filename-1.0.1.tgz#97f717b69d48784f5f526a6c5aa8ffdda055a4d1"

requires-port@^1.0.0:
  version "1.0.0"
  resolved "https://nexus.au.ecg.so/repository/npm/requires-port/-/requires-port-1.0.0.tgz#925d2601d39ac485e091cf0da5c6e694dc3dcaff"

rfc6902@^3.0.1:
  version "3.0.1"
  resolved "https://nexus.au.ecg.so/repository/npm/rfc6902/-/rfc6902-3.0.1.tgz#03a3d38329dbc266fbc92aa7fc14546d7839e89f"

safe-buffer@5.1.2, safe-buffer@^5.0.1, safe-buffer@~5.1.0, safe-buffer@~5.1.1:
  version "5.1.2"
  resolved "https://nexus.au.ecg.so/repository/npm/safe-buffer/-/safe-buffer-5.1.2.tgz#991ec69d296e0313747d59bdfd2b745c35f8828d"

"safer-buffer@>= 2.1.2 < 3":
  version "2.1.2"
  resolved "https://nexus.au.ecg.so/repository/npm/safer-buffer/-/safer-buffer-2.1.2.tgz#44fa161b0187b9549dd84bb91802f9bd8385cd6a"

semver@^5.5.0:
  version "5.6.0"
  resolved "https://nexus.au.ecg.so/repository/npm/semver/-/semver-5.6.0.tgz#7e74256fbaa49c75aa7c7a205cc22799cac80004"

send@0.16.2:
  version "0.16.2"
  resolved "https://nexus.au.ecg.so/repository/npm/send/-/send-0.16.2.tgz#6ecca1e0f8c156d141597559848df64730a6bbc1"
  dependencies:
    debug "2.6.9"
    depd "~1.1.2"
    destroy "~1.0.4"
    encodeurl "~1.0.2"
    escape-html "~1.0.3"
    etag "~1.8.1"
    fresh "0.5.2"
    http-errors "~1.6.2"
    mime "1.4.1"
    ms "2.0.0"
    on-finished "~2.3.0"
    range-parser "~1.2.0"
    statuses "~1.4.0"

serializerr@^1.0.3:
  version "1.0.3"
  resolved "https://nexus.au.ecg.so/repository/npm/serializerr/-/serializerr-1.0.3.tgz#12d4c5aa1c3ffb8f6d1dc5f395aa9455569c3f91"
  dependencies:
    protochain "^1.0.5"

serve-static@1.13.2:
  version "1.13.2"
  resolved "https://nexus.au.ecg.so/repository/npm/serve-static/-/serve-static-1.13.2.tgz#095e8472fd5b46237db50ce486a43f4b86c6cec1"
  dependencies:
    encodeurl "~1.0.2"
    escape-html "~1.0.3"
    parseurl "~1.3.2"
    send "0.16.2"

set-blocking@^2.0.0:
  version "2.0.0"
  resolved "https://nexus.au.ecg.so/repository/npm/set-blocking/-/set-blocking-2.0.0.tgz#045f9782d011ae9a6803ddd382b24392b3d890f7"

setprototypeof@1.1.0:
  version "1.1.0"
  resolved "https://nexus.au.ecg.so/repository/npm/setprototypeof/-/setprototypeof-1.1.0.tgz#d0bd85536887b6fe7c0d818cb962d9d91c54e656"

shebang-command@^1.2.0:
  version "1.2.0"
  resolved "https://nexus.au.ecg.so/repository/npm/shebang-command/-/shebang-command-1.2.0.tgz#44aac65b695b03398968c39f363fee5deafdf1ea"
  dependencies:
    shebang-regex "^1.0.0"

shebang-regex@^1.0.0:
  version "1.0.0"
  resolved "https://nexus.au.ecg.so/repository/npm/shebang-regex/-/shebang-regex-1.0.0.tgz#da42f49740c0b42db2ca9728571cb190c98efea3"

signal-exit@^3.0.0:
  version "3.0.2"
  resolved "https://nexus.au.ecg.so/repository/npm/signal-exit/-/signal-exit-3.0.2.tgz#b5fdc08f1287ea1178628e415e25132b73646c6d"

smee-client@^1.0.2:
  version "1.0.2"
  resolved "https://nexus.au.ecg.so/repository/npm/smee-client/-/smee-client-1.0.2.tgz#2b7e72d7ab383e5d6e4a17ae00cd07503cbcf25d"
  dependencies:
    commander "^2.12.2"
    eventsource "^1.0.5"
    morgan "^1.9.0"
    superagent "^3.8.3"
    validator "^10.4.0"

"statuses@>= 1.4.0 < 2":
  version "1.5.0"
  resolved "https://nexus.au.ecg.so/repository/npm/statuses/-/statuses-1.5.0.tgz#161c7dac177659fd9811f43771fa99381478628c"

statuses@~1.4.0:
  version "1.4.0"
  resolved "https://nexus.au.ecg.so/repository/npm/statuses/-/statuses-1.4.0.tgz#bb73d446da2796106efcc1b601a253d6c46bd087"

string-width@^1.0.1:
  version "1.0.2"
  resolved "https://nexus.au.ecg.so/repository/npm/string-width/-/string-width-1.0.2.tgz#118bdf5b8cdc51a2a7e70d211e07e2b0b9b107d3"
  dependencies:
    code-point-at "^1.0.0"
    is-fullwidth-code-point "^1.0.0"
    strip-ansi "^3.0.0"

string-width@^2.0.0, string-width@^2.1.1:
  version "2.1.1"
  resolved "https://nexus.au.ecg.so/repository/npm/string-width/-/string-width-2.1.1.tgz#ab93f27a8dc13d28cac815c462143a6d9012ae9e"
  dependencies:
    is-fullwidth-code-point "^2.0.0"
    strip-ansi "^4.0.0"

string_decoder@~1.1.1:
  version "1.1.1"
  resolved "https://nexus.au.ecg.so/repository/npm/string_decoder/-/string_decoder-1.1.1.tgz#9cf1611ba62685d7030ae9e4ba34149c3af03fc8"
  dependencies:
    safe-buffer "~5.1.0"

strip-ansi@^3.0.0, strip-ansi@^3.0.1:
  version "3.0.1"
  resolved "https://nexus.au.ecg.so/repository/npm/strip-ansi/-/strip-ansi-3.0.1.tgz#6a385fb8853d952d5ff05d0e8aaf94278dc63dcf"
  dependencies:
    ansi-regex "^2.0.0"

strip-ansi@^4.0.0:
  version "4.0.0"
  resolved "https://nexus.au.ecg.so/repository/npm/strip-ansi/-/strip-ansi-4.0.0.tgz#a8479022eb1ac368a871389b635262c505ee368f"
  dependencies:
    ansi-regex "^3.0.0"

strip-eof@^1.0.0:
  version "1.0.0"
  resolved "https://nexus.au.ecg.so/repository/npm/strip-eof/-/strip-eof-1.0.0.tgz#bb43ff5598a6eb05d89b59fcd129c983313606bf"

superagent@^3.8.3:
  version "3.8.3"
  resolved "https://nexus.au.ecg.so/repository/npm/superagent/-/superagent-3.8.3.tgz#460ea0dbdb7d5b11bc4f78deba565f86a178e128"
  dependencies:
    component-emitter "^1.2.0"
    cookiejar "^2.1.0"
    debug "^3.1.0"
    extend "^3.0.0"
    form-data "^2.3.1"
    formidable "^1.2.0"
    methods "^1.1.1"
    mime "^1.4.1"
    qs "^6.5.1"
    readable-stream "^2.3.5"

supports-color@^5.0.0, supports-color@^5.3.0:
  version "5.5.0"
  resolved "https://nexus.au.ecg.so/repository/npm/supports-color/-/supports-color-5.5.0.tgz#e2e69a44ac8772f78a1ec0b35b689df6530efc8f"
  dependencies:
    has-flag "^3.0.0"

supports-hyperlinks@^1.0.1:
  version "1.0.1"
  resolved "https://nexus.au.ecg.so/repository/npm/supports-hyperlinks/-/supports-hyperlinks-1.0.1.tgz#71daedf36cc1060ac5100c351bb3da48c29c0ef7"
  dependencies:
    has-flag "^2.0.0"
    supports-color "^5.0.0"

type-is@~1.6.16:
  version "1.6.16"
  resolved "https://nexus.au.ecg.so/repository/npm/type-is/-/type-is-1.6.16.tgz#f89ce341541c672b25ee7ae3c73dee3b2be50194"
  dependencies:
    media-typer "0.3.0"
    mime-types "~2.1.18"

typescript@^3.2.2:
  version "3.2.2"
  resolved "https://nexus.au.ecg.so/repository/npm/typescript/-/typescript-3.2.2.tgz#fe8101c46aa123f8353523ebdcf5730c2ae493e5"

universal-user-agent@^2.0.0, universal-user-agent@^2.0.1:
  version "2.0.2"
  resolved "https://nexus.au.ecg.so/repository/npm/universal-user-agent/-/universal-user-agent-2.0.2.tgz#b0322da546100c658adcf4965110a56ed238aee6"
  dependencies:
    os-name "^3.0.0"

unpipe@1.0.0, unpipe@~1.0.0:
  version "1.0.0"
  resolved "https://nexus.au.ecg.so/repository/npm/unpipe/-/unpipe-1.0.0.tgz#b2bf4ee8514aae6165b4817829d21b2ef49904ec"

url-parse@^1.4.3:
  version "1.4.4"
  resolved "https://nexus.au.ecg.so/repository/npm/url-parse/-/url-parse-1.4.4.tgz#cac1556e95faa0303691fec5cf9d5a1bc34648f8"
  dependencies:
    querystringify "^2.0.0"
    requires-port "^1.0.0"

url-template@^2.0.8:
  version "2.0.8"
  resolved "https://nexus.au.ecg.so/repository/npm/url-template/-/url-template-2.0.8.tgz#fc565a3cccbff7730c775f5641f9555791439f21"

util-deprecate@~1.0.1:
  version "1.0.2"
  resolved "https://nexus.au.ecg.so/repository/npm/util-deprecate/-/util-deprecate-1.0.2.tgz#450d4dc9fa70de732762fbd2d4a28981419a0ccf"

utils-merge@1.0.1:
  version "1.0.1"
  resolved "https://nexus.au.ecg.so/repository/npm/utils-merge/-/utils-merge-1.0.1.tgz#9f95710f50a267947b2ccc124741c1028427e713"

validator@^10.4.0:
  version "10.10.0"
  resolved "https://nexus.au.ecg.so/repository/npm/validator/-/validator-10.10.0.tgz#a69ac298149f063a44361cb52182edb52dab59a4"

vary@~1.1.2:
  version "1.1.2"
  resolved "https://nexus.au.ecg.so/repository/npm/vary/-/vary-1.1.2.tgz#2299f02c6ded30d4a5961b0b9f74524a18f634fc"

vm2@^3.6.3:
  version "3.6.4"
  resolved "https://nexus.au.ecg.so/repository/npm/vm2/-/vm2-3.6.4.tgz#88b27a9f328a0630671841363692a57d24dead33"

voca@^1.4.0:
  version "1.4.0"
  resolved "https://nexus.au.ecg.so/repository/npm/voca/-/voca-1.4.0.tgz#e15ac58b38290b72acc0c330366b6cc7984924d7"

which-module@^2.0.0:
  version "2.0.0"
  resolved "https://nexus.au.ecg.so/repository/npm/which-module/-/which-module-2.0.0.tgz#d9ef07dce77b9902b8a3a8fa4b31c3e3f7e6e87a"

which@^1.2.10, which@^1.2.9:
  version "1.3.1"
  resolved "https://nexus.au.ecg.so/repository/npm/which/-/which-1.3.1.tgz#a45043d54f5805316da8d62f9f50918d3da70b0a"
  dependencies:
    isexe "^2.0.0"

windows-release@^3.1.0:
  version "3.1.0"
  resolved "https://nexus.au.ecg.so/repository/npm/windows-release/-/windows-release-3.1.0.tgz#8d4a7e266cbf5a233f6c717dac19ce00af36e12e"
  dependencies:
    execa "^0.10.0"

wrap-ansi@^2.0.0:
  version "2.1.0"
  resolved "https://nexus.au.ecg.so/repository/npm/wrap-ansi/-/wrap-ansi-2.1.0.tgz#d8fc3d284dd05794fe84973caecdd1cf824fdd85"
  dependencies:
    string-width "^1.0.1"
    strip-ansi "^3.0.1"

xtend@~4.0.1:
  version "4.0.1"
  resolved "https://nexus.au.ecg.so/repository/npm/xtend/-/xtend-4.0.1.tgz#a5c6d532be656e23db820efb943a1f04998d63af"

y18n@^3.2.1:
  version "3.2.1"
  resolved "https://nexus.au.ecg.so/repository/npm/y18n/-/y18n-3.2.1.tgz#6d15fba884c08679c0d77e88e7759e811e07fa41"

yallist@^2.1.2:
  version "2.1.2"
  resolved "https://nexus.au.ecg.so/repository/npm/yallist/-/yallist-2.1.2.tgz#1c11f9218f076089a47dd512f93c6699a6a81d52"

yargs-parser@^9.0.2:
  version "9.0.2"
  resolved "https://nexus.au.ecg.so/repository/npm/yargs-parser/-/yargs-parser-9.0.2.tgz#9ccf6a43460fe4ed40a9bb68f48d43b8a68cc077"
  dependencies:
    camelcase "^4.1.0"

yargs@^11.0.0:
  version "11.1.0"
  resolved "https://nexus.au.ecg.so/repository/npm/yargs/-/yargs-11.1.0.tgz#90b869934ed6e871115ea2ff58b03f4724ed2d77"
  dependencies:
    cliui "^4.0.0"
    decamelize "^1.1.1"
    find-up "^2.1.0"
    get-caller-file "^1.0.1"
    os-locale "^2.0.0"
    require-directory "^2.1.1"
    require-main-filename "^1.0.1"
    set-blocking "^2.0.0"
    string-width "^2.0.0"
    which-module "^2.0.0"
    y18n "^3.2.1"
    yargs-parser "^9.0.2"
